
Microsoft Visual Studio Solution File, Format Version 12.00
# Visual Studio 2012
Project("{2150E333-8FDC-42A3-9474-1A3956D46DE8}") = "Core", "Core", "{648FBFE2-D075-4707-BA75-DAF289FB79E5}"
EndProject
Project("{FAE04EC0-301F-11D3-BF4B-00C04F79EFBC}") = "OpenUO.Core", "OpenUO.Core\OpenUO.Core.csproj", "{25B50E34-555E-497E-901E-628494B0C954}"
EndProject
Project("{FAE04EC0-301F-11D3-BF4B-00C04F79EFBC}") = "OpenUO.Ultima.Network", "OpenUO.Ultima.Network\OpenUO.Ultima.Network.csproj", "{99579163-9065-4F01-9CEE-9D956288669A}"
EndProject
Project("{FAE04EC0-301F-11D3-BF4B-00C04F79EFBC}") = "OpenUO.Ultima", "OpenUO.Ultima\OpenUO.Ultima.csproj", "{911C0A0F-1A08-4DA0-B103-EB24D9E19402}"
EndProject
Project("{FAE04EC0-301F-11D3-BF4B-00C04F79EFBC}") = "OpenUO.Core.PresentationFramework", "OpenUO.Core.PresentationFramework\OpenUO.Core.PresentationFramework.csproj", "{84B7DD45-FB07-4D91-AA9A-2C11EDEFD38E}"
EndProject
Project("{2150E333-8FDC-42A3-9474-1A3956D46DE8}") = "Tests", "Tests", "{D2450111-DE1A-41A7-B4DE-BFF9AD6FE88E}"
EndProject
Project("{FAE04EC0-301F-11D3-BF4B-00C04F79EFBC}") = "OpenUO.Ultima.UnitTests", "OpenUO.Ultima.UnitTests\OpenUO.Ultima.UnitTests.csproj", "{E2F1A5B4-60DD-4329-850D-26936BF7B84E}"
EndProject
Project("{2150E333-8FDC-42A3-9474-1A3956D46DE8}") = "Solution Items", "Solution Items", "{8ABB09D6-9E73-4908-A6AE-6DF5E6651867}"
	ProjectSection(SolutionItems) = preProject
		Local.testsettings = Local.testsettings
		OpenUO.vsmdi = OpenUO.vsmdi
		TraceAndTestImpact.testsettings = TraceAndTestImpact.testsettings
	EndProjectSection
EndProject
Project("{FAE04EC0-301F-11D3-BF4B-00C04F79EFBC}") = "OpenUO.Ultima.PresentationFramework", "OpenUO.Ultima.PresentationFramework\OpenUO.Ultima.PresentationFramework.csproj", "{8C5BCAAD-5415-4FF7-B677-6BF398E5465D}"
EndProject
Project("{2150E333-8FDC-42A3-9474-1A3956D46DE8}") = "Ultima", "Ultima", "{743DC10F-DB78-4B56-9D75-6A1ED0825244}"
EndProject
Project("{FAE04EC0-301F-11D3-BF4B-00C04F79EFBC}") = "OpenUO.Ultima.Windows.Forms", "OpenUO.Ultima.Windows.Forms\OpenUO.Ultima.Windows.Forms.csproj", "{5050B1A5-4683-4935-81DE-1B7A4403831B}"
EndProject
Project("{2150E333-8FDC-42A3-9474-1A3956D46DE8}") = "Samples", "Samples", "{72B93927-BA8B-4C7C-AA7B-95FD2819B214}"
EndProject
Project("{FAE04EC0-301F-11D3-BF4B-00C04F79EFBC}") = "Ultima.Winforms.Sample", "Ultima.Winforms.Sample\Ultima.Winforms.Sample.csproj", "{31E01A63-54EB-4FF2-A907-870C54356BDA}"
EndProject
Global
	GlobalSection(TestCaseManagementSettings) = postSolution
		CategoryFile = OpenUO.vsmdi
	EndGlobalSection
	GlobalSection(SolutionConfigurationPlatforms) = preSolution
		Debug|Any CPU = Debug|Any CPU
		Debug|Mixed Platforms = Debug|Mixed Platforms
		Debug|Win32 = Debug|Win32
		Debug|x86 = Debug|x86
		Release|Any CPU = Release|Any CPU
		Release|Mixed Platforms = Release|Mixed Platforms
		Release|Win32 = Release|Win32
		Release|x86 = Release|x86
	EndGlobalSection
	GlobalSection(ProjectConfigurationPlatforms) = postSolution
		{25B50E34-555E-497E-901E-628494B0C954}.Debug|Any CPU.ActiveCfg = Debug|Any CPU
		{25B50E34-555E-497E-901E-628494B0C954}.Debug|Any CPU.Build.0 = Debug|Any CPU
		{25B50E34-555E-497E-901E-628494B0C954}.Debug|Mixed Platforms.ActiveCfg = Debug|Any CPU
		{25B50E34-555E-497E-901E-628494B0C954}.Debug|Mixed Platforms.Build.0 = Debug|Any CPU
		{25B50E34-555E-497E-901E-628494B0C954}.Debug|Win32.ActiveCfg = Debug|Any CPU
		{25B50E34-555E-497E-901E-628494B0C954}.Debug|x86.ActiveCfg = Debug|Any CPU
		{25B50E34-555E-497E-901E-628494B0C954}.Release|Any CPU.ActiveCfg = Release|Any CPU
		{25B50E34-555E-497E-901E-628494B0C954}.Release|Any CPU.Build.0 = Release|Any CPU
		{25B50E34-555E-497E-901E-628494B0C954}.Release|Mixed Platforms.ActiveCfg = Release|Any CPU
		{25B50E34-555E-497E-901E-628494B0C954}.Release|Mixed Platforms.Build.0 = Release|Any CPU
		{25B50E34-555E-497E-901E-628494B0C954}.Release|Win32.ActiveCfg = Release|Any CPU
		{25B50E34-555E-497E-901E-628494B0C954}.Release|x86.ActiveCfg = Release|Any CPU
		{99579163-9065-4F01-9CEE-9D956288669A}.Debug|Any CPU.ActiveCfg = Debug|Any CPU
		{99579163-9065-4F01-9CEE-9D956288669A}.Debug|Any CPU.Build.0 = Debug|Any CPU
		{99579163-9065-4F01-9CEE-9D956288669A}.Debug|Mixed Platforms.ActiveCfg = Debug|Any CPU
		{99579163-9065-4F01-9CEE-9D956288669A}.Debug|Mixed Platforms.Build.0 = Debug|Any CPU
		{99579163-9065-4F01-9CEE-9D956288669A}.Debug|Win32.ActiveCfg = Debug|Any CPU
		{99579163-9065-4F01-9CEE-9D956288669A}.Debug|x86.ActiveCfg = Debug|Any CPU
		{99579163-9065-4F01-9CEE-9D956288669A}.Release|Any CPU.ActiveCfg = Release|Any CPU
		{99579163-9065-4F01-9CEE-9D956288669A}.Release|Any CPU.Build.0 = Release|Any CPU
		{99579163-9065-4F01-9CEE-9D956288669A}.Release|Mixed Platforms.ActiveCfg = Release|Any CPU
		{99579163-9065-4F01-9CEE-9D956288669A}.Release|Mixed Platforms.Build.0 = Release|Any CPU
		{99579163-9065-4F01-9CEE-9D956288669A}.Release|Win32.ActiveCfg = Release|Any CPU
		{99579163-9065-4F01-9CEE-9D956288669A}.Release|x86.ActiveCfg = Release|Any CPU
		{911C0A0F-1A08-4DA0-B103-EB24D9E19402}.Debug|Any CPU.ActiveCfg = Debug|Any CPU
		{911C0A0F-1A08-4DA0-B103-EB24D9E19402}.Debug|Any CPU.Build.0 = Debug|Any CPU
		{911C0A0F-1A08-4DA0-B103-EB24D9E19402}.Debug|Mixed Platforms.ActiveCfg = Debug|Any CPU
		{911C0A0F-1A08-4DA0-B103-EB24D9E19402}.Debug|Mixed Platforms.Build.0 = Debug|Any CPU
		{911C0A0F-1A08-4DA0-B103-EB24D9E19402}.Debug|Win32.ActiveCfg = Debug|Any CPU
		{911C0A0F-1A08-4DA0-B103-EB24D9E19402}.Debug|x86.ActiveCfg = Debug|Any CPU
		{911C0A0F-1A08-4DA0-B103-EB24D9E19402}.Release|Any CPU.ActiveCfg = Release|Any CPU
		{911C0A0F-1A08-4DA0-B103-EB24D9E19402}.Release|Any CPU.Build.0 = Release|Any CPU
		{911C0A0F-1A08-4DA0-B103-EB24D9E19402}.Release|Mixed Platforms.ActiveCfg = Release|Any CPU
		{911C0A0F-1A08-4DA0-B103-EB24D9E19402}.Release|Mixed Platforms.Build.0 = Release|Any CPU
		{911C0A0F-1A08-4DA0-B103-EB24D9E19402}.Release|Win32.ActiveCfg = Release|Any CPU
		{911C0A0F-1A08-4DA0-B103-EB24D9E19402}.Release|x86.ActiveCfg = Release|Any CPU
		{84B7DD45-FB07-4D91-AA9A-2C11EDEFD38E}.Debug|Any CPU.ActiveCfg = Debug|Any CPU
		{84B7DD45-FB07-4D91-AA9A-2C11EDEFD38E}.Debug|Any CPU.Build.0 = Debug|Any CPU
		{84B7DD45-FB07-4D91-AA9A-2C11EDEFD38E}.Debug|Mixed Platforms.ActiveCfg = Debug|Any CPU
		{84B7DD45-FB07-4D91-AA9A-2C11EDEFD38E}.Debug|Mixed Platforms.Build.0 = Debug|Any CPU
		{84B7DD45-FB07-4D91-AA9A-2C11EDEFD38E}.Debug|Win32.ActiveCfg = Debug|Any CPU
		{84B7DD45-FB07-4D91-AA9A-2C11EDEFD38E}.Debug|x86.ActiveCfg = Debug|Any CPU
		{84B7DD45-FB07-4D91-AA9A-2C11EDEFD38E}.Release|Any CPU.ActiveCfg = Release|Any CPU
		{84B7DD45-FB07-4D91-AA9A-2C11EDEFD38E}.Release|Any CPU.Build.0 = Release|Any CPU
		{84B7DD45-FB07-4D91-AA9A-2C11EDEFD38E}.Release|Mixed Platforms.ActiveCfg = Release|Any CPU
		{84B7DD45-FB07-4D91-AA9A-2C11EDEFD38E}.Release|Mixed Platforms.Build.0 = Release|Any CPU
		{84B7DD45-FB07-4D91-AA9A-2C11EDEFD38E}.Release|Win32.ActiveCfg = Release|Any CPU
		{84B7DD45-FB07-4D91-AA9A-2C11EDEFD38E}.Release|x86.ActiveCfg = Release|Any CPU
		{E2F1A5B4-60DD-4329-850D-26936BF7B84E}.Debug|Any CPU.ActiveCfg = Debug|Any CPU
		{E2F1A5B4-60DD-4329-850D-26936BF7B84E}.Debug|Any CPU.Build.0 = Debug|Any CPU
		{E2F1A5B4-60DD-4329-850D-26936BF7B84E}.Debug|Mixed Platforms.ActiveCfg = Debug|Any CPU
		{E2F1A5B4-60DD-4329-850D-26936BF7B84E}.Debug|Mixed Platforms.Build.0 = Debug|Any CPU
		{E2F1A5B4-60DD-4329-850D-26936BF7B84E}.Debug|Win32.ActiveCfg = Debug|Any CPU
		{E2F1A5B4-60DD-4329-850D-26936BF7B84E}.Debug|x86.ActiveCfg = Debug|Any CPU
		{E2F1A5B4-60DD-4329-850D-26936BF7B84E}.Release|Any CPU.ActiveCfg = Release|Any CPU
		{E2F1A5B4-60DD-4329-850D-26936BF7B84E}.Release|Any CPU.Build.0 = Release|Any CPU
		{E2F1A5B4-60DD-4329-850D-26936BF7B84E}.Release|Mixed Platforms.ActiveCfg = Release|Any CPU
		{E2F1A5B4-60DD-4329-850D-26936BF7B84E}.Release|Mixed Platforms.Build.0 = Release|Any CPU
		{E2F1A5B4-60DD-4329-850D-26936BF7B84E}.Release|Win32.ActiveCfg = Release|Any CPU
		{E2F1A5B4-60DD-4329-850D-26936BF7B84E}.Release|x86.ActiveCfg = Release|Any CPU
		{8C5BCAAD-5415-4FF7-B677-6BF398E5465D}.Debug|Any CPU.ActiveCfg = Debug|Any CPU
		{8C5BCAAD-5415-4FF7-B677-6BF398E5465D}.Debug|Any CPU.Build.0 = Debug|Any CPU
		{8C5BCAAD-5415-4FF7-B677-6BF398E5465D}.Debug|Mixed Platforms.ActiveCfg = Debug|Any CPU
		{8C5BCAAD-5415-4FF7-B677-6BF398E5465D}.Debug|Mixed Platforms.Build.0 = Debug|Any CPU
		{8C5BCAAD-5415-4FF7-B677-6BF398E5465D}.Debug|Win32.ActiveCfg = Debug|Any CPU
		{8C5BCAAD-5415-4FF7-B677-6BF398E5465D}.Debug|x86.ActiveCfg = Debug|Any CPU
		{8C5BCAAD-5415-4FF7-B677-6BF398E5465D}.Release|Any CPU.ActiveCfg = Release|Any CPU
		{8C5BCAAD-5415-4FF7-B677-6BF398E5465D}.Release|Any CPU.Build.0 = Release|Any CPU
		{8C5BCAAD-5415-4FF7-B677-6BF398E5465D}.Release|Mixed Platforms.ActiveCfg = Release|Any CPU
		{8C5BCAAD-5415-4FF7-B677-6BF398E5465D}.Release|Mixed Platforms.Build.0 = Release|Any CPU
		{8C5BCAAD-5415-4FF7-B677-6BF398E5465D}.Release|Win32.ActiveCfg = Release|Any CPU
		{8C5BCAAD-5415-4FF7-B677-6BF398E5465D}.Release|x86.ActiveCfg = Release|Any CPU
		{5050B1A5-4683-4935-81DE-1B7A4403831B}.Debug|Any CPU.ActiveCfg = Debug|Any CPU
		{5050B1A5-4683-4935-81DE-1B7A4403831B}.Debug|Any CPU.Build.0 = Debug|Any CPU
		{5050B1A5-4683-4935-81DE-1B7A4403831B}.Debug|Mixed Platforms.ActiveCfg = Debug|Any CPU
		{5050B1A5-4683-4935-81DE-1B7A4403831B}.Debug|Mixed Platforms.Build.0 = Debug|Any CPU
		{5050B1A5-4683-4935-81DE-1B7A4403831B}.Debug|Win32.ActiveCfg = Debug|Any CPU
		{5050B1A5-4683-4935-81DE-1B7A4403831B}.Debug|x86.ActiveCfg = Debug|Any CPU
		{5050B1A5-4683-4935-81DE-1B7A4403831B}.Release|Any CPU.ActiveCfg = Release|Any CPU
		{5050B1A5-4683-4935-81DE-1B7A4403831B}.Release|Any CPU.Build.0 = Release|Any CPU
		{5050B1A5-4683-4935-81DE-1B7A4403831B}.Release|Mixed Platforms.ActiveCfg = Release|Any CPU
		{5050B1A5-4683-4935-81DE-1B7A4403831B}.Release|Mixed Platforms.Build.0 = Release|Any CPU
		{5050B1A5-4683-4935-81DE-1B7A4403831B}.Release|Win32.ActiveCfg = Release|Any CPU
		{5050B1A5-4683-4935-81DE-1B7A4403831B}.Release|x86.ActiveCfg = Release|Any CPU
		{31E01A63-54EB-4FF2-A907-870C54356BDA}.Debug|Any CPU.ActiveCfg = Debug|x86
		{31E01A63-54EB-4FF2-A907-870C54356BDA}.Debug|Mixed Platforms.ActiveCfg = Debug|x86
		{31E01A63-54EB-4FF2-A907-870C54356BDA}.Debug|Mixed Platforms.Build.0 = Debug|x86
		{31E01A63-54EB-4FF2-A907-870C54356BDA}.Debug|Win32.ActiveCfg = Debug|x86
		{31E01A63-54EB-4FF2-A907-870C54356BDA}.Debug|x86.ActiveCfg = Debug|x86
		{31E01A63-54EB-4FF2-A907-870C54356BDA}.Debug|x86.Build.0 = Debug|x86
		{31E01A63-54EB-4FF2-A907-870C54356BDA}.Release|Any CPU.ActiveCfg = Release|x86
		{31E01A63-54EB-4FF2-A907-870C54356BDA}.Release|Mixed Platforms.ActiveCfg = Release|x86
		{31E01A63-54EB-4FF2-A907-870C54356BDA}.Release|Mixed Platforms.Build.0 = Release|x86
		{31E01A63-54EB-4FF2-A907-870C54356BDA}.Release|Win32.ActiveCfg = Release|x86
		{31E01A63-54EB-4FF2-A907-870C54356BDA}.Release|x86.ActiveCfg = Release|x86
		{31E01A63-54EB-4FF2-A907-870C54356BDA}.Release|x86.Build.0 = Release|x86
	EndGlobalSection
	GlobalSection(SolutionProperties) = preSolution
		HideSolutionNode = FALSE
	EndGlobalSection
	GlobalSection(NestedProjects) = preSolution
		{25B50E34-555E-497E-901E-628494B0C954} = {648FBFE2-D075-4707-BA75-DAF289FB79E5}
		{84B7DD45-FB07-4D91-AA9A-2C11EDEFD38E} = {648FBFE2-D075-4707-BA75-DAF289FB79E5}
		{99579163-9065-4F01-9CEE-9D956288669A} = {743DC10F-DB78-4B56-9D75-6A1ED0825244}
		{911C0A0F-1A08-4DA0-B103-EB24D9E19402} = {743DC10F-DB78-4B56-9D75-6A1ED0825244}
		{8C5BCAAD-5415-4FF7-B677-6BF398E5465D} = {743DC10F-DB78-4B56-9D75-6A1ED0825244}
		{5050B1A5-4683-4935-81DE-1B7A4403831B} = {743DC10F-DB78-4B56-9D75-6A1ED0825244}
		{E2F1A5B4-60DD-4329-850D-26936BF7B84E} = {D2450111-DE1A-41A7-B4DE-BFF9AD6FE88E}
		{8ABB09D6-9E73-4908-A6AE-6DF5E6651867} = {D2450111-DE1A-41A7-B4DE-BFF9AD6FE88E}
		{31E01A63-54EB-4FF2-A907-870C54356BDA} = {72B93927-BA8B-4C7C-AA7B-95FD2819B214}
	EndGlobalSection
	GlobalSection(ExtensibilityGlobals) = postSolution
		EnterpriseLibraryConfigurationToolBinariesPath = packages\Unity.2.1.505.0\lib\NET35
	EndGlobalSection
EndGlobal
