
Microsoft Visual Studio Solution File, Format Version 12.00
# Visual Studio 14
VisualStudioVersion = 14.0.22823.1
MinimumVisualStudioVersion = 10.0.40219.1
Project("{2150E333-8FDC-42A3-9474-1A3956D46DE8}") = "OpenUO", "OpenUO", "{648FBFE2-D075-4707-BA75-DAF289FB79E5}"
EndProject
Project("{FAE04EC0-301F-11D3-BF4B-00C04F79EFBC}") = "OpenUO.Ultima.Net", "OpenUO.Ultima.Network\OpenUO.Ultima.Net.csproj", "{99579163-9065-4F01-9CEE-9D956288669A}"
EndProject
Project("{FAE04EC0-301F-11D3-BF4B-00C04F79EFBC}") = "OpenUO.Ultima", "OpenUO.Ultima\OpenUO.Ultima.csproj", "{911C0A0F-1A08-4DA0-B103-EB24D9E19402}"
EndProject
Project("{2150E333-8FDC-42A3-9474-1A3956D46DE8}") = "Tests", "Tests", "{D2450111-DE1A-41A7-B4DE-BFF9AD6FE88E}"
EndProject
Project("{FAE04EC0-301F-11D3-BF4B-00C04F79EFBC}") = "OpenUO.Ultima.UnitTests", "OpenUO.Ultima.UnitTests\OpenUO.Ultima.UnitTests.csproj", "{E2F1A5B4-60DD-4329-850D-26936BF7B84E}"
EndProject
Project("{2150E333-8FDC-42A3-9474-1A3956D46DE8}") = "Solution Items", "Solution Items", "{8ABB09D6-9E73-4908-A6AE-6DF5E6651867}"
	ProjectSection(SolutionItems) = preProject
		Local.testsettings = Local.testsettings
		OpenUO.vsmdi = OpenUO.vsmdi
		TraceAndTestImpact.testsettings = TraceAndTestImpact.testsettings
	EndProjectSection
EndProject
Project("{FAE04EC0-301F-11D3-BF4B-00C04F79EFBC}") = "OpenUO.Ultima.PresentationFramework", "OpenUO.Ultima.PresentationFramework\OpenUO.Ultima.PresentationFramework.csproj", "{8C5BCAAD-5415-4FF7-B677-6BF398E5465D}"
EndProject
Project("{2150E333-8FDC-42A3-9474-1A3956D46DE8}") = "Ultima", "Ultima", "{743DC10F-DB78-4B56-9D75-6A1ED0825244}"
EndProject
Project("{FAE04EC0-301F-11D3-BF4B-00C04F79EFBC}") = "OpenUO.Ultima.Windows.Forms", "OpenUO.Ultima.Windows.Forms\OpenUO.Ultima.Windows.Forms.csproj", "{5050B1A5-4683-4935-81DE-1B7A4403831B}"
EndProject
Project("{2150E333-8FDC-42A3-9474-1A3956D46DE8}") = "Samples", "Samples", "{72B93927-BA8B-4C7C-AA7B-95FD2819B214}"
EndProject
Project("{FAE04EC0-301F-11D3-BF4B-00C04F79EFBC}") = "Ultima.Winforms.Sample", "Ultima.Winforms.Sample\Ultima.Winforms.Sample.csproj", "{31E01A63-54EB-4FF2-A907-870C54356BDA}"
EndProject
Project("{FAE04EC0-301F-11D3-BF4B-00C04F79EFBC}") = "OpenUO.Core (.Net 4.5)", "OpenUO.Core.Net45\OpenUO.Core (.Net 4.5).csproj", "{921D6C7A-5B62-4F99-A6A7-710C6920D494}"
EndProject
Project("{FAE04EC0-301F-11D3-BF4B-00C04F79EFBC}") = "OpenUO.Core.PresentationFramework (.Net 4.5)", "OpenUO.Core.PresentationFramework.Net45\OpenUO.Core.PresentationFramework (.Net 4.5).csproj", "{957F8375-0AA9-4F4D-ADCB-F3A083F92914}"
EndProject
Project("{FAE04EC0-301F-11D3-BF4B-00C04F79EFBC}") = "OpenUO.Ultima.Paradox3d", "OpenUO.Ultima.Paradox3d\OpenUO.Ultima.Paradox3d.csproj", "{1EEF802E-08CE-4405-B5AB-DAA2756D43DF}"
EndProject
Project("{2150E333-8FDC-42A3-9474-1A3956D46DE8}") = ".nuget", ".nuget", "{6270DF97-028C-4500-99D9-EC78D845306D}"
	ProjectSection(SolutionItems) = preProject
		..\UltimaXNA - Copy\dev\.nuget\NuGet.Config = ..\UltimaXNA - Copy\dev\.nuget\NuGet.Config
		..\UltimaXNA - Copy\dev\.nuget\NuGet.exe = ..\UltimaXNA - Copy\dev\.nuget\NuGet.exe
		..\UltimaXNA - Copy\dev\.nuget\NuGet.targets = ..\UltimaXNA - Copy\dev\.nuget\NuGet.targets
	EndProjectSection
EndProject
Project("{2150E333-8FDC-42A3-9474-1A3956D46DE8}") = "Projects", "Projects", "{92C26261-8F4B-4114-805B-6689B9232688}"
EndProject
Project("{2150E333-8FDC-42A3-9474-1A3956D46DE8}") = ".sln", ".sln", "{BA03B087-5448-43F1-969E-16366CA5E8E4}"
	ProjectSection(SolutionItems) = preProject
		OpenUO.sln.DotSettings = OpenUO.sln.DotSettings
		ParadoxUO.pdxpkg = ParadoxUO.pdxpkg
		ParadoxUO.props = ParadoxUO.props
	EndProjectSection
EndProject
Project("{2150E333-8FDC-42A3-9474-1A3956D46DE8}") = "ParadoxUO", "ParadoxUO", "{4E217913-1E9A-479A-8EBB-E54B80DEA377}"
EndProject
Project("{FAE04EC0-301F-11D3-BF4B-00C04F79EFBC}") = "ParadoxUO.Game", "ParadoxUO\ParadoxUO.Game\ParadoxUO.Game.csproj", "{A1C90275-1B59-436F-8327-78863E14D155}"
EndProject
Project("{FAE04EC0-301F-11D3-BF4B-00C04F79EFBC}") = "ParadoxUO.Windows", "ParadoxUO\ParadoxUO.Windows\ParadoxUO.Windows.csproj", "{6ADA11DC-4C94-4984-A555-005EE7D26483}"
EndProject
Global
	GlobalSection(SolutionConfigurationPlatforms) = preSolution
		AppStore|Any CPU = AppStore|Any CPU
		AppStore|Mixed Platforms = AppStore|Mixed Platforms
		AppStore|Win32 = AppStore|Win32
		AppStore|x86 = AppStore|x86
		Debug|Any CPU = Debug|Any CPU
		Debug|Mixed Platforms = Debug|Mixed Platforms
		Debug|Win32 = Debug|Win32
		Debug|x86 = Debug|x86
		Release|Any CPU = Release|Any CPU
		Release|Mixed Platforms = Release|Mixed Platforms
		Release|Win32 = Release|Win32
		Release|x86 = Release|x86
		Testing|Any CPU = Testing|Any CPU
		Testing|Mixed Platforms = Testing|Mixed Platforms
		Testing|Win32 = Testing|Win32
		Testing|x86 = Testing|x86
	EndGlobalSection
	GlobalSection(ProjectConfigurationPlatforms) = postSolution
		{99579163-9065-4F01-9CEE-9D956288669A}.AppStore|Any CPU.ActiveCfg = Release|Any CPU
		{99579163-9065-4F01-9CEE-9D956288669A}.AppStore|Any CPU.Build.0 = Release|Any CPU
		{99579163-9065-4F01-9CEE-9D956288669A}.AppStore|Mixed Platforms.ActiveCfg = Release|Any CPU
		{99579163-9065-4F01-9CEE-9D956288669A}.AppStore|Mixed Platforms.Build.0 = Release|Any CPU
		{99579163-9065-4F01-9CEE-9D956288669A}.AppStore|Win32.ActiveCfg = Release|Any CPU
		{99579163-9065-4F01-9CEE-9D956288669A}.AppStore|Win32.Build.0 = Release|Any CPU
		{99579163-9065-4F01-9CEE-9D956288669A}.AppStore|x86.ActiveCfg = Release|Any CPU
		{99579163-9065-4F01-9CEE-9D956288669A}.AppStore|x86.Build.0 = Release|Any CPU
		{99579163-9065-4F01-9CEE-9D956288669A}.Debug|Any CPU.ActiveCfg = Debug|Any CPU
		{99579163-9065-4F01-9CEE-9D956288669A}.Debug|Any CPU.Build.0 = Debug|Any CPU
		{99579163-9065-4F01-9CEE-9D956288669A}.Debug|Mixed Platforms.ActiveCfg = Debug|Any CPU
		{99579163-9065-4F01-9CEE-9D956288669A}.Debug|Mixed Platforms.Build.0 = Debug|Any CPU
		{99579163-9065-4F01-9CEE-9D956288669A}.Debug|Win32.ActiveCfg = Debug|Any CPU
		{99579163-9065-4F01-9CEE-9D956288669A}.Debug|x86.ActiveCfg = Debug|Any CPU
		{99579163-9065-4F01-9CEE-9D956288669A}.Debug|x86.Build.0 = Debug|Any CPU
		{99579163-9065-4F01-9CEE-9D956288669A}.Release|Any CPU.ActiveCfg = Release|Any CPU
		{99579163-9065-4F01-9CEE-9D956288669A}.Release|Any CPU.Build.0 = Release|Any CPU
		{99579163-9065-4F01-9CEE-9D956288669A}.Release|Mixed Platforms.ActiveCfg = Release|Any CPU
		{99579163-9065-4F01-9CEE-9D956288669A}.Release|Mixed Platforms.Build.0 = Release|Any CPU
		{99579163-9065-4F01-9CEE-9D956288669A}.Release|Win32.ActiveCfg = Release|Any CPU
		{99579163-9065-4F01-9CEE-9D956288669A}.Release|x86.ActiveCfg = Release|Any CPU
		{99579163-9065-4F01-9CEE-9D956288669A}.Testing|Any CPU.ActiveCfg = Release|Any CPU
		{99579163-9065-4F01-9CEE-9D956288669A}.Testing|Any CPU.Build.0 = Release|Any CPU
		{99579163-9065-4F01-9CEE-9D956288669A}.Testing|Mixed Platforms.ActiveCfg = Release|Any CPU
		{99579163-9065-4F01-9CEE-9D956288669A}.Testing|Mixed Platforms.Build.0 = Release|Any CPU
		{99579163-9065-4F01-9CEE-9D956288669A}.Testing|Win32.ActiveCfg = Release|Any CPU
		{99579163-9065-4F01-9CEE-9D956288669A}.Testing|Win32.Build.0 = Release|Any CPU
		{99579163-9065-4F01-9CEE-9D956288669A}.Testing|x86.ActiveCfg = Release|Any CPU
		{99579163-9065-4F01-9CEE-9D956288669A}.Testing|x86.Build.0 = Release|Any CPU
		{911C0A0F-1A08-4DA0-B103-EB24D9E19402}.AppStore|Any CPU.ActiveCfg = Release|Any CPU
		{911C0A0F-1A08-4DA0-B103-EB24D9E19402}.AppStore|Any CPU.Build.0 = Release|Any CPU
		{911C0A0F-1A08-4DA0-B103-EB24D9E19402}.AppStore|Mixed Platforms.ActiveCfg = Release|Any CPU
		{911C0A0F-1A08-4DA0-B103-EB24D9E19402}.AppStore|Mixed Platforms.Build.0 = Release|Any CPU
		{911C0A0F-1A08-4DA0-B103-EB24D9E19402}.AppStore|Win32.ActiveCfg = Release|Any CPU
		{911C0A0F-1A08-4DA0-B103-EB24D9E19402}.AppStore|Win32.Build.0 = Release|Any CPU
		{911C0A0F-1A08-4DA0-B103-EB24D9E19402}.AppStore|x86.ActiveCfg = Release|Any CPU
		{911C0A0F-1A08-4DA0-B103-EB24D9E19402}.AppStore|x86.Build.0 = Release|Any CPU
		{911C0A0F-1A08-4DA0-B103-EB24D9E19402}.Debug|Any CPU.ActiveCfg = Debug|Any CPU
		{911C0A0F-1A08-4DA0-B103-EB24D9E19402}.Debug|Any CPU.Build.0 = Debug|Any CPU
		{911C0A0F-1A08-4DA0-B103-EB24D9E19402}.Debug|Mixed Platforms.ActiveCfg = Debug|Any CPU
		{911C0A0F-1A08-4DA0-B103-EB24D9E19402}.Debug|Mixed Platforms.Build.0 = Debug|Any CPU
		{911C0A0F-1A08-4DA0-B103-EB24D9E19402}.Debug|Win32.ActiveCfg = Debug|Any CPU
		{911C0A0F-1A08-4DA0-B103-EB24D9E19402}.Debug|x86.ActiveCfg = Debug|Any CPU
		{911C0A0F-1A08-4DA0-B103-EB24D9E19402}.Debug|x86.Build.0 = Debug|Any CPU
		{911C0A0F-1A08-4DA0-B103-EB24D9E19402}.Release|Any CPU.ActiveCfg = Release|Any CPU
		{911C0A0F-1A08-4DA0-B103-EB24D9E19402}.Release|Any CPU.Build.0 = Release|Any CPU
		{911C0A0F-1A08-4DA0-B103-EB24D9E19402}.Release|Mixed Platforms.ActiveCfg = Release|Any CPU
		{911C0A0F-1A08-4DA0-B103-EB24D9E19402}.Release|Mixed Platforms.Build.0 = Release|Any CPU
		{911C0A0F-1A08-4DA0-B103-EB24D9E19402}.Release|Win32.ActiveCfg = Release|Any CPU
		{911C0A0F-1A08-4DA0-B103-EB24D9E19402}.Release|x86.ActiveCfg = Release|Any CPU
		{911C0A0F-1A08-4DA0-B103-EB24D9E19402}.Testing|Any CPU.ActiveCfg = Release|Any CPU
		{911C0A0F-1A08-4DA0-B103-EB24D9E19402}.Testing|Any CPU.Build.0 = Release|Any CPU
		{911C0A0F-1A08-4DA0-B103-EB24D9E19402}.Testing|Mixed Platforms.ActiveCfg = Release|Any CPU
		{911C0A0F-1A08-4DA0-B103-EB24D9E19402}.Testing|Mixed Platforms.Build.0 = Release|Any CPU
		{911C0A0F-1A08-4DA0-B103-EB24D9E19402}.Testing|Win32.ActiveCfg = Release|Any CPU
		{911C0A0F-1A08-4DA0-B103-EB24D9E19402}.Testing|Win32.Build.0 = Release|Any CPU
		{911C0A0F-1A08-4DA0-B103-EB24D9E19402}.Testing|x86.ActiveCfg = Release|Any CPU
		{911C0A0F-1A08-4DA0-B103-EB24D9E19402}.Testing|x86.Build.0 = Release|Any CPU
		{E2F1A5B4-60DD-4329-850D-26936BF7B84E}.AppStore|Any CPU.ActiveCfg = Release|Any CPU
		{E2F1A5B4-60DD-4329-850D-26936BF7B84E}.AppStore|Any CPU.Build.0 = Release|Any CPU
		{E2F1A5B4-60DD-4329-850D-26936BF7B84E}.AppStore|Mixed Platforms.ActiveCfg = Release|Any CPU
		{E2F1A5B4-60DD-4329-850D-26936BF7B84E}.AppStore|Mixed Platforms.Build.0 = Release|Any CPU
		{E2F1A5B4-60DD-4329-850D-26936BF7B84E}.AppStore|Win32.ActiveCfg = Release|Any CPU
		{E2F1A5B4-60DD-4329-850D-26936BF7B84E}.AppStore|Win32.Build.0 = Release|Any CPU
		{E2F1A5B4-60DD-4329-850D-26936BF7B84E}.AppStore|x86.ActiveCfg = Release|Any CPU
		{E2F1A5B4-60DD-4329-850D-26936BF7B84E}.AppStore|x86.Build.0 = Release|Any CPU
		{E2F1A5B4-60DD-4329-850D-26936BF7B84E}.Debug|Any CPU.ActiveCfg = Debug|Any CPU
		{E2F1A5B4-60DD-4329-850D-26936BF7B84E}.Debug|Any CPU.Build.0 = Debug|Any CPU
		{E2F1A5B4-60DD-4329-850D-26936BF7B84E}.Debug|Mixed Platforms.ActiveCfg = Debug|Any CPU
		{E2F1A5B4-60DD-4329-850D-26936BF7B84E}.Debug|Mixed Platforms.Build.0 = Debug|Any CPU
		{E2F1A5B4-60DD-4329-850D-26936BF7B84E}.Debug|Win32.ActiveCfg = Debug|Any CPU
		{E2F1A5B4-60DD-4329-850D-26936BF7B84E}.Debug|x86.ActiveCfg = Debug|Any CPU
		{E2F1A5B4-60DD-4329-850D-26936BF7B84E}.Release|Any CPU.ActiveCfg = Release|Any CPU
		{E2F1A5B4-60DD-4329-850D-26936BF7B84E}.Release|Any CPU.Build.0 = Release|Any CPU
		{E2F1A5B4-60DD-4329-850D-26936BF7B84E}.Release|Mixed Platforms.ActiveCfg = Release|Any CPU
		{E2F1A5B4-60DD-4329-850D-26936BF7B84E}.Release|Mixed Platforms.Build.0 = Release|Any CPU
		{E2F1A5B4-60DD-4329-850D-26936BF7B84E}.Release|Win32.ActiveCfg = Release|Any CPU
		{E2F1A5B4-60DD-4329-850D-26936BF7B84E}.Release|x86.ActiveCfg = Release|Any CPU
		{E2F1A5B4-60DD-4329-850D-26936BF7B84E}.Testing|Any CPU.ActiveCfg = Release|Any CPU
		{E2F1A5B4-60DD-4329-850D-26936BF7B84E}.Testing|Any CPU.Build.0 = Release|Any CPU
		{E2F1A5B4-60DD-4329-850D-26936BF7B84E}.Testing|Mixed Platforms.ActiveCfg = Release|Any CPU
		{E2F1A5B4-60DD-4329-850D-26936BF7B84E}.Testing|Mixed Platforms.Build.0 = Release|Any CPU
		{E2F1A5B4-60DD-4329-850D-26936BF7B84E}.Testing|Win32.ActiveCfg = Release|Any CPU
		{E2F1A5B4-60DD-4329-850D-26936BF7B84E}.Testing|Win32.Build.0 = Release|Any CPU
		{E2F1A5B4-60DD-4329-850D-26936BF7B84E}.Testing|x86.ActiveCfg = Release|Any CPU
		{E2F1A5B4-60DD-4329-850D-26936BF7B84E}.Testing|x86.Build.0 = Release|Any CPU
		{8C5BCAAD-5415-4FF7-B677-6BF398E5465D}.AppStore|Any CPU.ActiveCfg = Release|Any CPU
		{8C5BCAAD-5415-4FF7-B677-6BF398E5465D}.AppStore|Any CPU.Build.0 = Release|Any CPU
		{8C5BCAAD-5415-4FF7-B677-6BF398E5465D}.AppStore|Mixed Platforms.ActiveCfg = Release|Any CPU
		{8C5BCAAD-5415-4FF7-B677-6BF398E5465D}.AppStore|Mixed Platforms.Build.0 = Release|Any CPU
		{8C5BCAAD-5415-4FF7-B677-6BF398E5465D}.AppStore|Win32.ActiveCfg = Release|Any CPU
		{8C5BCAAD-5415-4FF7-B677-6BF398E5465D}.AppStore|Win32.Build.0 = Release|Any CPU
		{8C5BCAAD-5415-4FF7-B677-6BF398E5465D}.AppStore|x86.ActiveCfg = Release|Any CPU
		{8C5BCAAD-5415-4FF7-B677-6BF398E5465D}.AppStore|x86.Build.0 = Release|Any CPU
		{8C5BCAAD-5415-4FF7-B677-6BF398E5465D}.Debug|Any CPU.ActiveCfg = Debug|Any CPU
		{8C5BCAAD-5415-4FF7-B677-6BF398E5465D}.Debug|Any CPU.Build.0 = Debug|Any CPU
		{8C5BCAAD-5415-4FF7-B677-6BF398E5465D}.Debug|Mixed Platforms.ActiveCfg = Debug|Any CPU
		{8C5BCAAD-5415-4FF7-B677-6BF398E5465D}.Debug|Mixed Platforms.Build.0 = Debug|Any CPU
		{8C5BCAAD-5415-4FF7-B677-6BF398E5465D}.Debug|Win32.ActiveCfg = Debug|Any CPU
		{8C5BCAAD-5415-4FF7-B677-6BF398E5465D}.Debug|x86.ActiveCfg = Debug|Any CPU
		{8C5BCAAD-5415-4FF7-B677-6BF398E5465D}.Release|Any CPU.ActiveCfg = Release|Any CPU
		{8C5BCAAD-5415-4FF7-B677-6BF398E5465D}.Release|Any CPU.Build.0 = Release|Any CPU
		{8C5BCAAD-5415-4FF7-B677-6BF398E5465D}.Release|Mixed Platforms.ActiveCfg = Release|Any CPU
		{8C5BCAAD-5415-4FF7-B677-6BF398E5465D}.Release|Mixed Platforms.Build.0 = Release|Any CPU
		{8C5BCAAD-5415-4FF7-B677-6BF398E5465D}.Release|Win32.ActiveCfg = Release|Any CPU
		{8C5BCAAD-5415-4FF7-B677-6BF398E5465D}.Release|x86.ActiveCfg = Release|Any CPU
		{8C5BCAAD-5415-4FF7-B677-6BF398E5465D}.Testing|Any CPU.ActiveCfg = Release|Any CPU
		{8C5BCAAD-5415-4FF7-B677-6BF398E5465D}.Testing|Any CPU.Build.0 = Release|Any CPU
		{8C5BCAAD-5415-4FF7-B677-6BF398E5465D}.Testing|Mixed Platforms.ActiveCfg = Release|Any CPU
		{8C5BCAAD-5415-4FF7-B677-6BF398E5465D}.Testing|Mixed Platforms.Build.0 = Release|Any CPU
		{8C5BCAAD-5415-4FF7-B677-6BF398E5465D}.Testing|Win32.ActiveCfg = Release|Any CPU
		{8C5BCAAD-5415-4FF7-B677-6BF398E5465D}.Testing|Win32.Build.0 = Release|Any CPU
		{8C5BCAAD-5415-4FF7-B677-6BF398E5465D}.Testing|x86.ActiveCfg = Release|Any CPU
		{8C5BCAAD-5415-4FF7-B677-6BF398E5465D}.Testing|x86.Build.0 = Release|Any CPU
		{5050B1A5-4683-4935-81DE-1B7A4403831B}.AppStore|Any CPU.ActiveCfg = Release|Any CPU
		{5050B1A5-4683-4935-81DE-1B7A4403831B}.AppStore|Any CPU.Build.0 = Release|Any CPU
		{5050B1A5-4683-4935-81DE-1B7A4403831B}.AppStore|Mixed Platforms.ActiveCfg = Release|Any CPU
		{5050B1A5-4683-4935-81DE-1B7A4403831B}.AppStore|Mixed Platforms.Build.0 = Release|Any CPU
		{5050B1A5-4683-4935-81DE-1B7A4403831B}.AppStore|Win32.ActiveCfg = Release|Any CPU
		{5050B1A5-4683-4935-81DE-1B7A4403831B}.AppStore|Win32.Build.0 = Release|Any CPU
		{5050B1A5-4683-4935-81DE-1B7A4403831B}.AppStore|x86.ActiveCfg = Release|Any CPU
		{5050B1A5-4683-4935-81DE-1B7A4403831B}.AppStore|x86.Build.0 = Release|Any CPU
		{5050B1A5-4683-4935-81DE-1B7A4403831B}.Debug|Any CPU.ActiveCfg = Debug|Any CPU
		{5050B1A5-4683-4935-81DE-1B7A4403831B}.Debug|Any CPU.Build.0 = Debug|Any CPU
		{5050B1A5-4683-4935-81DE-1B7A4403831B}.Debug|Mixed Platforms.ActiveCfg = Debug|Any CPU
		{5050B1A5-4683-4935-81DE-1B7A4403831B}.Debug|Mixed Platforms.Build.0 = Debug|Any CPU
		{5050B1A5-4683-4935-81DE-1B7A4403831B}.Debug|Win32.ActiveCfg = Debug|Any CPU
		{5050B1A5-4683-4935-81DE-1B7A4403831B}.Debug|x86.ActiveCfg = Debug|Any CPU
		{5050B1A5-4683-4935-81DE-1B7A4403831B}.Release|Any CPU.ActiveCfg = Release|Any CPU
		{5050B1A5-4683-4935-81DE-1B7A4403831B}.Release|Any CPU.Build.0 = Release|Any CPU
		{5050B1A5-4683-4935-81DE-1B7A4403831B}.Release|Mixed Platforms.ActiveCfg = Release|Any CPU
		{5050B1A5-4683-4935-81DE-1B7A4403831B}.Release|Mixed Platforms.Build.0 = Release|Any CPU
		{5050B1A5-4683-4935-81DE-1B7A4403831B}.Release|Win32.ActiveCfg = Release|Any CPU
		{5050B1A5-4683-4935-81DE-1B7A4403831B}.Release|x86.ActiveCfg = Release|Any CPU
		{5050B1A5-4683-4935-81DE-1B7A4403831B}.Testing|Any CPU.ActiveCfg = Release|Any CPU
		{5050B1A5-4683-4935-81DE-1B7A4403831B}.Testing|Any CPU.Build.0 = Release|Any CPU
		{5050B1A5-4683-4935-81DE-1B7A4403831B}.Testing|Mixed Platforms.ActiveCfg = Release|Any CPU
		{5050B1A5-4683-4935-81DE-1B7A4403831B}.Testing|Mixed Platforms.Build.0 = Release|Any CPU
		{5050B1A5-4683-4935-81DE-1B7A4403831B}.Testing|Win32.ActiveCfg = Release|Any CPU
		{5050B1A5-4683-4935-81DE-1B7A4403831B}.Testing|Win32.Build.0 = Release|Any CPU
		{5050B1A5-4683-4935-81DE-1B7A4403831B}.Testing|x86.ActiveCfg = Release|Any CPU
		{5050B1A5-4683-4935-81DE-1B7A4403831B}.Testing|x86.Build.0 = Release|Any CPU
		{31E01A63-54EB-4FF2-A907-870C54356BDA}.AppStore|Any CPU.ActiveCfg = Release|x86
		{31E01A63-54EB-4FF2-A907-870C54356BDA}.AppStore|Any CPU.Build.0 = Release|x86
		{31E01A63-54EB-4FF2-A907-870C54356BDA}.AppStore|Mixed Platforms.ActiveCfg = Release|x86
		{31E01A63-54EB-4FF2-A907-870C54356BDA}.AppStore|Mixed Platforms.Build.0 = Release|x86
		{31E01A63-54EB-4FF2-A907-870C54356BDA}.AppStore|Win32.ActiveCfg = Release|x86
		{31E01A63-54EB-4FF2-A907-870C54356BDA}.AppStore|Win32.Build.0 = Release|x86
		{31E01A63-54EB-4FF2-A907-870C54356BDA}.AppStore|x86.ActiveCfg = Release|x86
		{31E01A63-54EB-4FF2-A907-870C54356BDA}.AppStore|x86.Build.0 = Release|x86
		{31E01A63-54EB-4FF2-A907-870C54356BDA}.Debug|Any CPU.ActiveCfg = Debug|x86
		{31E01A63-54EB-4FF2-A907-870C54356BDA}.Debug|Mixed Platforms.ActiveCfg = Debug|x86
		{31E01A63-54EB-4FF2-A907-870C54356BDA}.Debug|Mixed Platforms.Build.0 = Debug|x86
		{31E01A63-54EB-4FF2-A907-870C54356BDA}.Debug|Win32.ActiveCfg = Debug|x86
		{31E01A63-54EB-4FF2-A907-870C54356BDA}.Debug|x86.ActiveCfg = Debug|x86
		{31E01A63-54EB-4FF2-A907-870C54356BDA}.Debug|x86.Build.0 = Debug|x86
		{31E01A63-54EB-4FF2-A907-870C54356BDA}.Release|Any CPU.ActiveCfg = Release|x86
		{31E01A63-54EB-4FF2-A907-870C54356BDA}.Release|Mixed Platforms.ActiveCfg = Release|x86
		{31E01A63-54EB-4FF2-A907-870C54356BDA}.Release|Mixed Platforms.Build.0 = Release|x86
		{31E01A63-54EB-4FF2-A907-870C54356BDA}.Release|Win32.ActiveCfg = Release|x86
		{31E01A63-54EB-4FF2-A907-870C54356BDA}.Release|x86.ActiveCfg = Release|x86
		{31E01A63-54EB-4FF2-A907-870C54356BDA}.Release|x86.Build.0 = Release|x86
		{31E01A63-54EB-4FF2-A907-870C54356BDA}.Testing|Any CPU.ActiveCfg = Release|x86
		{31E01A63-54EB-4FF2-A907-870C54356BDA}.Testing|Any CPU.Build.0 = Release|x86
		{31E01A63-54EB-4FF2-A907-870C54356BDA}.Testing|Mixed Platforms.ActiveCfg = Release|x86
		{31E01A63-54EB-4FF2-A907-870C54356BDA}.Testing|Mixed Platforms.Build.0 = Release|x86
		{31E01A63-54EB-4FF2-A907-870C54356BDA}.Testing|Win32.ActiveCfg = Release|x86
		{31E01A63-54EB-4FF2-A907-870C54356BDA}.Testing|Win32.Build.0 = Release|x86
		{31E01A63-54EB-4FF2-A907-870C54356BDA}.Testing|x86.ActiveCfg = Release|x86
		{31E01A63-54EB-4FF2-A907-870C54356BDA}.Testing|x86.Build.0 = Release|x86
		{921D6C7A-5B62-4F99-A6A7-710C6920D494}.AppStore|Any CPU.ActiveCfg = Release|Any CPU
		{921D6C7A-5B62-4F99-A6A7-710C6920D494}.AppStore|Any CPU.Build.0 = Release|Any CPU
		{921D6C7A-5B62-4F99-A6A7-710C6920D494}.AppStore|Mixed Platforms.ActiveCfg = Release|Any CPU
		{921D6C7A-5B62-4F99-A6A7-710C6920D494}.AppStore|Mixed Platforms.Build.0 = Release|Any CPU
		{921D6C7A-5B62-4F99-A6A7-710C6920D494}.AppStore|Win32.ActiveCfg = Release|Any CPU
		{921D6C7A-5B62-4F99-A6A7-710C6920D494}.AppStore|Win32.Build.0 = Release|Any CPU
		{921D6C7A-5B62-4F99-A6A7-710C6920D494}.AppStore|x86.ActiveCfg = Release|Any CPU
		{921D6C7A-5B62-4F99-A6A7-710C6920D494}.AppStore|x86.Build.0 = Release|Any CPU
		{921D6C7A-5B62-4F99-A6A7-710C6920D494}.Debug|Any CPU.ActiveCfg = Debug|Any CPU
		{921D6C7A-5B62-4F99-A6A7-710C6920D494}.Debug|Any CPU.Build.0 = Debug|Any CPU
		{921D6C7A-5B62-4F99-A6A7-710C6920D494}.Debug|Mixed Platforms.ActiveCfg = Debug|Any CPU
		{921D6C7A-5B62-4F99-A6A7-710C6920D494}.Debug|Mixed Platforms.Build.0 = Debug|Any CPU
		{921D6C7A-5B62-4F99-A6A7-710C6920D494}.Debug|Win32.ActiveCfg = Debug|Any CPU
		{921D6C7A-5B62-4F99-A6A7-710C6920D494}.Debug|x86.ActiveCfg = Debug|Any CPU
		{921D6C7A-5B62-4F99-A6A7-710C6920D494}.Debug|x86.Build.0 = Debug|Any CPU
		{921D6C7A-5B62-4F99-A6A7-710C6920D494}.Release|Any CPU.ActiveCfg = Release|Any CPU
		{921D6C7A-5B62-4F99-A6A7-710C6920D494}.Release|Any CPU.Build.0 = Release|Any CPU
		{921D6C7A-5B62-4F99-A6A7-710C6920D494}.Release|Mixed Platforms.ActiveCfg = Release|Any CPU
		{921D6C7A-5B62-4F99-A6A7-710C6920D494}.Release|Mixed Platforms.Build.0 = Release|Any CPU
		{921D6C7A-5B62-4F99-A6A7-710C6920D494}.Release|Win32.ActiveCfg = Release|Any CPU
		{921D6C7A-5B62-4F99-A6A7-710C6920D494}.Release|x86.ActiveCfg = Release|Any CPU
		{921D6C7A-5B62-4F99-A6A7-710C6920D494}.Testing|Any CPU.ActiveCfg = Release|Any CPU
		{921D6C7A-5B62-4F99-A6A7-710C6920D494}.Testing|Any CPU.Build.0 = Release|Any CPU
		{921D6C7A-5B62-4F99-A6A7-710C6920D494}.Testing|Mixed Platforms.ActiveCfg = Release|Any CPU
		{921D6C7A-5B62-4F99-A6A7-710C6920D494}.Testing|Mixed Platforms.Build.0 = Release|Any CPU
		{921D6C7A-5B62-4F99-A6A7-710C6920D494}.Testing|Win32.ActiveCfg = Release|Any CPU
		{921D6C7A-5B62-4F99-A6A7-710C6920D494}.Testing|Win32.Build.0 = Release|Any CPU
		{921D6C7A-5B62-4F99-A6A7-710C6920D494}.Testing|x86.ActiveCfg = Release|Any CPU
		{921D6C7A-5B62-4F99-A6A7-710C6920D494}.Testing|x86.Build.0 = Release|Any CPU
		{957F8375-0AA9-4F4D-ADCB-F3A083F92914}.AppStore|Any CPU.ActiveCfg = Release|Any CPU
		{957F8375-0AA9-4F4D-ADCB-F3A083F92914}.AppStore|Any CPU.Build.0 = Release|Any CPU
		{957F8375-0AA9-4F4D-ADCB-F3A083F92914}.AppStore|Mixed Platforms.ActiveCfg = Release|Any CPU
		{957F8375-0AA9-4F4D-ADCB-F3A083F92914}.AppStore|Mixed Platforms.Build.0 = Release|Any CPU
		{957F8375-0AA9-4F4D-ADCB-F3A083F92914}.AppStore|Win32.ActiveCfg = Release|Any CPU
		{957F8375-0AA9-4F4D-ADCB-F3A083F92914}.AppStore|Win32.Build.0 = Release|Any CPU
		{957F8375-0AA9-4F4D-ADCB-F3A083F92914}.AppStore|x86.ActiveCfg = Release|Any CPU
		{957F8375-0AA9-4F4D-ADCB-F3A083F92914}.AppStore|x86.Build.0 = Release|Any CPU
		{957F8375-0AA9-4F4D-ADCB-F3A083F92914}.Debug|Any CPU.ActiveCfg = Debug|Any CPU
		{957F8375-0AA9-4F4D-ADCB-F3A083F92914}.Debug|Any CPU.Build.0 = Debug|Any CPU
		{957F8375-0AA9-4F4D-ADCB-F3A083F92914}.Debug|Mixed Platforms.ActiveCfg = Debug|Any CPU
		{957F8375-0AA9-4F4D-ADCB-F3A083F92914}.Debug|Mixed Platforms.Build.0 = Debug|Any CPU
		{957F8375-0AA9-4F4D-ADCB-F3A083F92914}.Debug|Win32.ActiveCfg = Debug|Any CPU
		{957F8375-0AA9-4F4D-ADCB-F3A083F92914}.Debug|x86.ActiveCfg = Debug|Any CPU
		{957F8375-0AA9-4F4D-ADCB-F3A083F92914}.Release|Any CPU.ActiveCfg = Release|Any CPU
		{957F8375-0AA9-4F4D-ADCB-F3A083F92914}.Release|Any CPU.Build.0 = Release|Any CPU
		{957F8375-0AA9-4F4D-ADCB-F3A083F92914}.Release|Mixed Platforms.ActiveCfg = Release|Any CPU
		{957F8375-0AA9-4F4D-ADCB-F3A083F92914}.Release|Mixed Platforms.Build.0 = Release|Any CPU
		{957F8375-0AA9-4F4D-ADCB-F3A083F92914}.Release|Win32.ActiveCfg = Release|Any CPU
		{957F8375-0AA9-4F4D-ADCB-F3A083F92914}.Release|x86.ActiveCfg = Release|Any CPU
		{957F8375-0AA9-4F4D-ADCB-F3A083F92914}.Testing|Any CPU.ActiveCfg = Release|Any CPU
		{957F8375-0AA9-4F4D-ADCB-F3A083F92914}.Testing|Any CPU.Build.0 = Release|Any CPU
		{957F8375-0AA9-4F4D-ADCB-F3A083F92914}.Testing|Mixed Platforms.ActiveCfg = Release|Any CPU
		{957F8375-0AA9-4F4D-ADCB-F3A083F92914}.Testing|Mixed Platforms.Build.0 = Release|Any CPU
		{957F8375-0AA9-4F4D-ADCB-F3A083F92914}.Testing|Win32.ActiveCfg = Release|Any CPU
		{957F8375-0AA9-4F4D-ADCB-F3A083F92914}.Testing|Win32.Build.0 = Release|Any CPU
		{957F8375-0AA9-4F4D-ADCB-F3A083F92914}.Testing|x86.ActiveCfg = Release|Any CPU
		{957F8375-0AA9-4F4D-ADCB-F3A083F92914}.Testing|x86.Build.0 = Release|Any CPU
		{1EEF802E-08CE-4405-B5AB-DAA2756D43DF}.AppStore|Any CPU.ActiveCfg = Release|Any CPU
		{1EEF802E-08CE-4405-B5AB-DAA2756D43DF}.AppStore|Any CPU.Build.0 = Release|Any CPU
		{1EEF802E-08CE-4405-B5AB-DAA2756D43DF}.AppStore|Mixed Platforms.ActiveCfg = Release|Any CPU
		{1EEF802E-08CE-4405-B5AB-DAA2756D43DF}.AppStore|Mixed Platforms.Build.0 = Release|Any CPU
		{1EEF802E-08CE-4405-B5AB-DAA2756D43DF}.AppStore|Win32.ActiveCfg = Release|Any CPU
		{1EEF802E-08CE-4405-B5AB-DAA2756D43DF}.AppStore|Win32.Build.0 = Release|Any CPU
		{1EEF802E-08CE-4405-B5AB-DAA2756D43DF}.AppStore|x86.ActiveCfg = Release|Any CPU
		{1EEF802E-08CE-4405-B5AB-DAA2756D43DF}.AppStore|x86.Build.0 = Release|Any CPU
		{1EEF802E-08CE-4405-B5AB-DAA2756D43DF}.Debug|Any CPU.ActiveCfg = Debug|Any CPU
		{1EEF802E-08CE-4405-B5AB-DAA2756D43DF}.Debug|Any CPU.Build.0 = Debug|Any CPU
		{1EEF802E-08CE-4405-B5AB-DAA2756D43DF}.Debug|Mixed Platforms.ActiveCfg = Debug|Any CPU
		{1EEF802E-08CE-4405-B5AB-DAA2756D43DF}.Debug|Mixed Platforms.Build.0 = Debug|Any CPU
		{1EEF802E-08CE-4405-B5AB-DAA2756D43DF}.Debug|Win32.ActiveCfg = Debug|Any CPU
		{1EEF802E-08CE-4405-B5AB-DAA2756D43DF}.Debug|x86.ActiveCfg = Debug|Any CPU
		{1EEF802E-08CE-4405-B5AB-DAA2756D43DF}.Debug|x86.Build.0 = Debug|Any CPU
		{1EEF802E-08CE-4405-B5AB-DAA2756D43DF}.Release|Any CPU.ActiveCfg = Release|Any CPU
		{1EEF802E-08CE-4405-B5AB-DAA2756D43DF}.Release|Any CPU.Build.0 = Release|Any CPU
		{1EEF802E-08CE-4405-B5AB-DAA2756D43DF}.Release|Mixed Platforms.ActiveCfg = Release|Any CPU
		{1EEF802E-08CE-4405-B5AB-DAA2756D43DF}.Release|Mixed Platforms.Build.0 = Release|Any CPU
		{1EEF802E-08CE-4405-B5AB-DAA2756D43DF}.Release|Win32.ActiveCfg = Release|Any CPU
		{1EEF802E-08CE-4405-B5AB-DAA2756D43DF}.Release|x86.ActiveCfg = Release|Any CPU
		{1EEF802E-08CE-4405-B5AB-DAA2756D43DF}.Testing|Any CPU.ActiveCfg = Release|Any CPU
		{1EEF802E-08CE-4405-B5AB-DAA2756D43DF}.Testing|Any CPU.Build.0 = Release|Any CPU
		{1EEF802E-08CE-4405-B5AB-DAA2756D43DF}.Testing|Mixed Platforms.ActiveCfg = Release|Any CPU
		{1EEF802E-08CE-4405-B5AB-DAA2756D43DF}.Testing|Mixed Platforms.Build.0 = Release|Any CPU
		{1EEF802E-08CE-4405-B5AB-DAA2756D43DF}.Testing|Win32.ActiveCfg = Release|Any CPU
		{1EEF802E-08CE-4405-B5AB-DAA2756D43DF}.Testing|Win32.Build.0 = Release|Any CPU
		{1EEF802E-08CE-4405-B5AB-DAA2756D43DF}.Testing|x86.ActiveCfg = Release|Any CPU
		{1EEF802E-08CE-4405-B5AB-DAA2756D43DF}.Testing|x86.Build.0 = Release|Any CPU
		{A1C90275-1B59-436F-8327-78863E14D155}.AppStore|Any CPU.ActiveCfg = AppStore|Any CPU
		{A1C90275-1B59-436F-8327-78863E14D155}.AppStore|Any CPU.Build.0 = AppStore|Any CPU
		{A1C90275-1B59-436F-8327-78863E14D155}.AppStore|Mixed Platforms.ActiveCfg = AppStore|Any CPU
		{A1C90275-1B59-436F-8327-78863E14D155}.AppStore|Mixed Platforms.Build.0 = AppStore|Any CPU
		{A1C90275-1B59-436F-8327-78863E14D155}.AppStore|Win32.ActiveCfg = AppStore|Any CPU
		{A1C90275-1B59-436F-8327-78863E14D155}.AppStore|Win32.Build.0 = AppStore|Any CPU
		{A1C90275-1B59-436F-8327-78863E14D155}.AppStore|x86.ActiveCfg = AppStore|Any CPU
		{A1C90275-1B59-436F-8327-78863E14D155}.AppStore|x86.Build.0 = AppStore|Any CPU
		{A1C90275-1B59-436F-8327-78863E14D155}.Debug|Any CPU.ActiveCfg = Debug|Any CPU
		{A1C90275-1B59-436F-8327-78863E14D155}.Debug|Any CPU.Build.0 = Debug|Any CPU
		{A1C90275-1B59-436F-8327-78863E14D155}.Debug|Mixed Platforms.ActiveCfg = Debug|Any CPU
		{A1C90275-1B59-436F-8327-78863E14D155}.Debug|Mixed Platforms.Build.0 = Debug|Any CPU
		{A1C90275-1B59-436F-8327-78863E14D155}.Debug|Win32.ActiveCfg = Debug|Any CPU
		{A1C90275-1B59-436F-8327-78863E14D155}.Debug|Win32.Build.0 = Debug|Any CPU
		{A1C90275-1B59-436F-8327-78863E14D155}.Debug|x86.ActiveCfg = Debug|Any CPU
		{A1C90275-1B59-436F-8327-78863E14D155}.Debug|x86.Build.0 = Debug|Any CPU
		{A1C90275-1B59-436F-8327-78863E14D155}.Release|Any CPU.ActiveCfg = Release|Any CPU
		{A1C90275-1B59-436F-8327-78863E14D155}.Release|Any CPU.Build.0 = Release|Any CPU
		{A1C90275-1B59-436F-8327-78863E14D155}.Release|Mixed Platforms.ActiveCfg = Release|Any CPU
		{A1C90275-1B59-436F-8327-78863E14D155}.Release|Mixed Platforms.Build.0 = Release|Any CPU
		{A1C90275-1B59-436F-8327-78863E14D155}.Release|Win32.ActiveCfg = Release|Any CPU
		{A1C90275-1B59-436F-8327-78863E14D155}.Release|Win32.Build.0 = Release|Any CPU
		{A1C90275-1B59-436F-8327-78863E14D155}.Release|x86.ActiveCfg = Release|Any CPU
		{A1C90275-1B59-436F-8327-78863E14D155}.Release|x86.Build.0 = Release|Any CPU
		{A1C90275-1B59-436F-8327-78863E14D155}.Testing|Any CPU.ActiveCfg = Testing|Any CPU
		{A1C90275-1B59-436F-8327-78863E14D155}.Testing|Any CPU.Build.0 = Testing|Any CPU
		{A1C90275-1B59-436F-8327-78863E14D155}.Testing|Mixed Platforms.ActiveCfg = Testing|Any CPU
		{A1C90275-1B59-436F-8327-78863E14D155}.Testing|Mixed Platforms.Build.0 = Testing|Any CPU
		{A1C90275-1B59-436F-8327-78863E14D155}.Testing|Win32.ActiveCfg = Testing|Any CPU
		{A1C90275-1B59-436F-8327-78863E14D155}.Testing|Win32.Build.0 = Testing|Any CPU
		{A1C90275-1B59-436F-8327-78863E14D155}.Testing|x86.ActiveCfg = Testing|Any CPU
		{A1C90275-1B59-436F-8327-78863E14D155}.Testing|x86.Build.0 = Testing|Any CPU
		{6ADA11DC-4C94-4984-A555-005EE7D26483}.AppStore|Any CPU.ActiveCfg = AppStore|Any CPU
		{6ADA11DC-4C94-4984-A555-005EE7D26483}.AppStore|Any CPU.Build.0 = AppStore|Any CPU
		{6ADA11DC-4C94-4984-A555-005EE7D26483}.AppStore|Mixed Platforms.ActiveCfg = AppStore|Any CPU
		{6ADA11DC-4C94-4984-A555-005EE7D26483}.AppStore|Mixed Platforms.Build.0 = AppStore|Any CPU
		{6ADA11DC-4C94-4984-A555-005EE7D26483}.AppStore|Win32.ActiveCfg = AppStore|Any CPU
		{6ADA11DC-4C94-4984-A555-005EE7D26483}.AppStore|Win32.Build.0 = AppStore|Any CPU
		{6ADA11DC-4C94-4984-A555-005EE7D26483}.AppStore|x86.ActiveCfg = AppStore|Any CPU
		{6ADA11DC-4C94-4984-A555-005EE7D26483}.AppStore|x86.Build.0 = AppStore|Any CPU
		{6ADA11DC-4C94-4984-A555-005EE7D26483}.Debug|Any CPU.ActiveCfg = Debug|Any CPU
		{6ADA11DC-4C94-4984-A555-005EE7D26483}.Debug|Any CPU.Build.0 = Debug|Any CPU
		{6ADA11DC-4C94-4984-A555-005EE7D26483}.Debug|Mixed Platforms.ActiveCfg = Debug|Any CPU
		{6ADA11DC-4C94-4984-A555-005EE7D26483}.Debug|Mixed Platforms.Build.0 = Debug|Any CPU
		{6ADA11DC-4C94-4984-A555-005EE7D26483}.Debug|Win32.ActiveCfg = Debug|Any CPU
		{6ADA11DC-4C94-4984-A555-005EE7D26483}.Debug|Win32.Build.0 = Debug|Any CPU
		{6ADA11DC-4C94-4984-A555-005EE7D26483}.Debug|x86.ActiveCfg = Debug|Any CPU
		{6ADA11DC-4C94-4984-A555-005EE7D26483}.Debug|x86.Build.0 = Debug|Any CPU
		{6ADA11DC-4C94-4984-A555-005EE7D26483}.Release|Any CPU.ActiveCfg = Release|Any CPU
		{6ADA11DC-4C94-4984-A555-005EE7D26483}.Release|Any CPU.Build.0 = Release|Any CPU
		{6ADA11DC-4C94-4984-A555-005EE7D26483}.Release|Mixed Platforms.ActiveCfg = Release|Any CPU
		{6ADA11DC-4C94-4984-A555-005EE7D26483}.Release|Mixed Platforms.Build.0 = Release|Any CPU
		{6ADA11DC-4C94-4984-A555-005EE7D26483}.Release|Win32.ActiveCfg = Release|Any CPU
		{6ADA11DC-4C94-4984-A555-005EE7D26483}.Release|Win32.Build.0 = Release|Any CPU
		{6ADA11DC-4C94-4984-A555-005EE7D26483}.Release|x86.ActiveCfg = Release|Any CPU
		{6ADA11DC-4C94-4984-A555-005EE7D26483}.Release|x86.Build.0 = Release|Any CPU
		{6ADA11DC-4C94-4984-A555-005EE7D26483}.Testing|Any CPU.ActiveCfg = Testing|Any CPU
		{6ADA11DC-4C94-4984-A555-005EE7D26483}.Testing|Any CPU.Build.0 = Testing|Any CPU
		{6ADA11DC-4C94-4984-A555-005EE7D26483}.Testing|Mixed Platforms.ActiveCfg = Testing|Any CPU
		{6ADA11DC-4C94-4984-A555-005EE7D26483}.Testing|Mixed Platforms.Build.0 = Testing|Any CPU
		{6ADA11DC-4C94-4984-A555-005EE7D26483}.Testing|Win32.ActiveCfg = Testing|Any CPU
		{6ADA11DC-4C94-4984-A555-005EE7D26483}.Testing|Win32.Build.0 = Testing|Any CPU
		{6ADA11DC-4C94-4984-A555-005EE7D26483}.Testing|x86.ActiveCfg = Testing|Any CPU
		{6ADA11DC-4C94-4984-A555-005EE7D26483}.Testing|x86.Build.0 = Testing|Any CPU
	EndGlobalSection
	GlobalSection(SolutionProperties) = preSolution
		HideSolutionNode = FALSE
	EndGlobalSection
	GlobalSection(NestedProjects) = preSolution
		{99579163-9065-4F01-9CEE-9D956288669A} = {743DC10F-DB78-4B56-9D75-6A1ED0825244}
		{911C0A0F-1A08-4DA0-B103-EB24D9E19402} = {743DC10F-DB78-4B56-9D75-6A1ED0825244}
		{D2450111-DE1A-41A7-B4DE-BFF9AD6FE88E} = {648FBFE2-D075-4707-BA75-DAF289FB79E5}
		{E2F1A5B4-60DD-4329-850D-26936BF7B84E} = {D2450111-DE1A-41A7-B4DE-BFF9AD6FE88E}
		{8ABB09D6-9E73-4908-A6AE-6DF5E6651867} = {D2450111-DE1A-41A7-B4DE-BFF9AD6FE88E}
		{8C5BCAAD-5415-4FF7-B677-6BF398E5465D} = {743DC10F-DB78-4B56-9D75-6A1ED0825244}
		{743DC10F-DB78-4B56-9D75-6A1ED0825244} = {648FBFE2-D075-4707-BA75-DAF289FB79E5}
		{5050B1A5-4683-4935-81DE-1B7A4403831B} = {743DC10F-DB78-4B56-9D75-6A1ED0825244}
		{72B93927-BA8B-4C7C-AA7B-95FD2819B214} = {D2450111-DE1A-41A7-B4DE-BFF9AD6FE88E}
		{31E01A63-54EB-4FF2-A907-870C54356BDA} = {72B93927-BA8B-4C7C-AA7B-95FD2819B214}
		{921D6C7A-5B62-4F99-A6A7-710C6920D494} = {648FBFE2-D075-4707-BA75-DAF289FB79E5}
		{957F8375-0AA9-4F4D-ADCB-F3A083F92914} = {648FBFE2-D075-4707-BA75-DAF289FB79E5}
		{1EEF802E-08CE-4405-B5AB-DAA2756D43DF} = {743DC10F-DB78-4B56-9D75-6A1ED0825244}
		{6270DF97-028C-4500-99D9-EC78D845306D} = {BA03B087-5448-43F1-969E-16366CA5E8E4}
		{4E217913-1E9A-479A-8EBB-E54B80DEA377} = {92C26261-8F4B-4114-805B-6689B9232688}
		{A1C90275-1B59-436F-8327-78863E14D155} = {4E217913-1E9A-479A-8EBB-E54B80DEA377}
		{6ADA11DC-4C94-4984-A555-005EE7D26483} = {4E217913-1E9A-479A-8EBB-E54B80DEA377}
	EndGlobalSection
	GlobalSection(ExtensibilityGlobals) = postSolution
		EnterpriseLibraryConfigurationToolBinariesPath = packages\Unity.2.1.505.0\lib\NET35
	EndGlobalSection
	GlobalSection(TestCaseManagementSettings) = postSolution
		CategoryFile = OpenUO.vsmdi
	EndGlobalSection
EndGlobal
